
Microsoft Visual Studio Solution File, Format Version 12.00
# Visual Studio Version 17
VisualStudioVersion = 17.3.32929.385
MinimumVisualStudioVersion = 10.0.40219.1
Project("{FAE04EC0-301F-11D3-BF4B-00C04F79EFBC}") = "ZooPark", "ZooPark\ZooPark.csproj", "{C9CE3A77-D6BF-4E2C-BFFF-347CFB59F029}"
EndProject
Global
	GlobalSection(SolutionConfigurationPlatforms) = preSolution
		Debug|Any CPU = Debug|Any CPU
		Release|Any CPU = Release|Any CPU
	EndGlobalSection
	GlobalSection(ProjectConfigurationPlatforms) = postSolution
		{C9CE3A77-D6BF-4E2C-BFFF-347CFB59F029}.Debug|Any CPU.ActiveCfg = Debug|Any CPU
		{C9CE3A77-D6BF-4E2C-BFFF-347CFB59F029}.Debug|Any CPU.Build.0 = Debug|Any CPU
		{C9CE3A77-D6BF-4E2C-BFFF-347CFB59F029}.Release|Any CPU.ActiveCfg = Release|Any CPU
		{C9CE3A77-D6BF-4E2C-BFFF-347CFB59F029}.Release|Any CPU.Build.0 = Release|Any CPU
	EndGlobalSection
	GlobalSection(SolutionProperties) = preSolution
		HideSolutionNode = FALSE
	EndGlobalSection
	GlobalSection(ExtensibilityGlobals) = postSolution
		SolutionGuid = {ECC0BFEB-6D8D-4B24-BF58-04EADAA29374}
	EndGlobalSection
EndGlobal
